{
	"name": "git-diff-plugin",
	"version": "1.0.0",
	"lockfileVersion": 3,
	"requires": true,
	"packages": {
		"": {
			"name": "git-diff-plugin",
			"version": "1.0.0",
			"devDependencies": {
				"@types/node": "^14.14.41",
				"esbuild": "^0.12.15",
				"obsidian": "latest"
			}
		},
		"node_modules/@codemirror/state": {
			"version": "6.4.1",
			"resolved": "https://registry.npmjs.org/@codemirror/state/-/state-6.4.1.tgz",
			"integrity": "sha512-QkEyUiLhsJoZkbumGZlswmAhA7CBU02Wrz7zvH4SrcifbsqwlXShVXg65f3v/ts57W3dqyamEriMhij1Z3Zz4A==",
			"dev": true,
			"peer": true
		},
		"node_modules/@codemirror/view": {
			"version": "6.35.0",
			"resolved": "https://registry.npmjs.org/@codemirror/view/-/view-6.35.0.tgz",
			"integrity": "sha512-I0tYy63q5XkaWsJ8QRv5h6ves7kvtrBWjBcnf/bzohFJQc5c14a1AQRdE8QpPF9eMp5Mq2FMm59TCj1gDfE7kw==",
			"dev": true,
			"peer": true,
			"dependencies": {
				"@codemirror/state": "^6.4.0",
				"style-mod": "^4.1.0",
				"w3c-keyname": "^2.2.4"
			}
		},
		"node_modules/@types/codemirror": {
			"version": "5.60.8",
			"resolved": "https://registry.npmjs.org/@types/codemirror/-/codemirror-5.60.8.tgz",
			"integrity": "sha512-VjFgDF/eB+Aklcy15TtOTLQeMjTo07k7KAjql8OK5Dirr7a6sJY4T1uVBDuTVG9VEmn1uUsohOpYnVfgC6/jyw==",
			"dev": true,
			"dependencies": {
				"@types/tern": "*"
			}
		},
		"node_modules/@types/estree": {
			"version": "1.0.6",
			"resolved": "https://registry.npmjs.org/@types/estree/-/estree-1.0.6.tgz",
			"integrity": "sha512-AYnb1nQyY49te+VRAVgmzfcgjYS91mY5P0TKUDCLEM+gNnA+3T6rWITXRLYCpahpqSQbN5cE+gHpnPyXjHWxcw==",
			"dev": true
		},
		"node_modules/@types/node": {
			"version": "14.18.63",
			"resolved": "https://registry.npmjs.org/@types/node/-/node-14.18.63.tgz",
			"integrity": "sha512-fAtCfv4jJg+ExtXhvCkCqUKZ+4ok/JQk01qDKhL5BDDoS3AxKXhV5/MAVUZyQnSEd2GT92fkgZl0pz0Q0AzcIQ==",
			"dev": true
		},
		"node_modules/@types/tern": {
			"version": "0.23.9",
			"resolved": "https://registry.npmjs.org/@types/tern/-/tern-0.23.9.tgz",
			"integrity": "sha512-ypzHFE/wBzh+BlH6rrBgS5I/Z7RD21pGhZ2rltb/+ZrVM1awdZwjx7hE5XfuYgHWk9uvV5HLZN3SloevCAp3Bw==",
			"dev": true,
			"dependencies": {
				"@types/estree": "*"
			}
		},
		"node_modules/esbuild": {
			"version": "0.12.29",
			"resolved": "https://registry.npmjs.org/esbuild/-/esbuild-0.12.29.tgz",
			"integrity": "sha512-w/XuoBCSwepyiZtIRsKsetiLDUVGPVw1E/R3VTFSecIy8UR7Cq3SOtwKHJMFoVqqVG36aGkzh4e8BvpO1Fdc7g==",
			"dev": true,
			"hasInstallScript": true,
			"bin": {
				"esbuild": "bin/esbuild"
			}
		},
		"node_modules/moment": {
			"version": "2.29.4",
			"resolved": "https://registry.npmjs.org/moment/-/moment-2.29.4.tgz",
			"integrity": "sha512-5LC9SOxjSc2HF6vO2CyuTDNivEdoz2IvyJJGj6X8DJ0eFyfszE0QiEd+iXmBvUP3WHxSjFH/vIsA0EN00cgr8w==",
			"dev": true,
			"engines": {
				"node": "*"
			}
		},
		"node_modules/obsidian": {
			"version": "1.7.2",
			"resolved": "https://registry.npmjs.org/obsidian/-/obsidian-1.7.2.tgz",
			"integrity": "sha512-k9hN9brdknJC+afKr5FQzDRuEFGDKbDjfCazJwpgibwCAoZNYHYV8p/s3mM8I6AsnKrPKNXf8xGuMZ4enWelZQ==",
			"dev": true,
			"dependencies": {
				"@types/codemirror": "5.60.8",
				"moment": "2.29.4"
			},
			"peerDependencies": {
				"@codemirror/state": "^6.0.0",
				"@codemirror/view": "^6.0.0"
			}
		},
		"node_modules/style-mod": {
			"version": "4.1.2",
			"resolved": "https://registry.npmjs.org/style-mod/-/style-mod-4.1.2.tgz",
			"integrity": "sha512-wnD1HyVqpJUI2+eKZ+eo1UwghftP6yuFheBqqe+bWCotBjC2K1YnteJILRMs3SM4V/0dLEW1SC27MWP5y+mwmw==",
			"dev": true,
			"peer": true
		},
		"node_modules/w3c-keyname": {
			"version": "2.2.8",
			"resolved": "https://registry.npmjs.org/w3c-keyname/-/w3c-keyname-2.2.8.tgz",
			"integrity": "sha512-dpojBhNsCNN7T82Tm7k26A6G9ML3NkhDsnw9n/eoxSRlVBB4CEtIQ/KTCLI2Fwf3ataSXRhYFkQi3SlnFwPvPQ==",
			"dev": true,
			"peer": true
		}
	}
}
